
Microsoft Visual Studio Solution File, Format Version 12.00
# Visual Studio 15
VisualStudioVersion = 15.0.26228.12
MinimumVisualStudioVersion = 10.0.40219.1
Project("{FAE04EC0-301F-11D3-BF4B-00C04F79EFBC}") = "ES_PowerTool", "ES_PowerTool\ES_PowerTool.csproj", "{005FAEDA-90BE-410C-BE02-663199312242}"
	ProjectSection(ProjectDependencies) = postProject
		{4C59360D-3293-4248-95CE-06ACDBC6EB18} = {4C59360D-3293-4248-95CE-06ACDBC6EB18}
	EndProjectSection
EndProject
Project("{FAE04EC0-301F-11D3-BF4B-00C04F79EFBC}") = "Desktop.App.Core", "Desktop.App.Core\Desktop.App.Core.csproj", "{61C6CC4B-BF6F-49E2-ADB0-0BBFFF0CE19B}"
EndProject
Project("{FAE04EC0-301F-11D3-BF4B-00C04F79EFBC}") = "Desktop.Shared.Core", "Desktop.Shared\Desktop.Shared.Core.csproj", "{61260A01-D7C6-42EB-896E-F13B16B264E9}"
EndProject
Project("{FAE04EC0-301F-11D3-BF4B-00C04F79EFBC}") = "Desktop.Ui.I18n", "Desktop.Ui.I18n\Desktop.Ui.I18n.csproj", "{CECA7AA6-F76B-4BFC-A009-699BFFF8F93B}"
EndProject
Project("{FAE04EC0-301F-11D3-BF4B-00C04F79EFBC}") = "ES_PowerTool.Shared", "ES_PowerTool.Shared\ES_PowerTool.Shared.csproj", "{C7ABC907-08A3-439B-BDEE-6D0F171EF4C6}"
EndProject
Project("{2150E333-8FDC-42A3-9474-1A3956D46DE8}") = "App", "App", "{82592EC6-65DB-4FB7-BC8C-5BA57BF7B140}"
EndProject
Project("{FAE04EC0-301F-11D3-BF4B-00C04F79EFBC}") = "ES_PowerTool.Data", "ES_PowerTool.Data\ES_PowerTool.Data.csproj", "{4C59360D-3293-4248-95CE-06ACDBC6EB18}"
EndProject
Project("{FAE04EC0-301F-11D3-BF4B-00C04F79EFBC}") = "Desktop.Data.Core", "Desktop.Data.Core\Desktop.Data.Core.csproj", "{FEE263D1-C64F-448B-B24D-9347AF62A035}"
EndProject
Project("{2150E333-8FDC-42A3-9474-1A3956D46DE8}") = "Data", "Data", "{5A91951F-16A0-4F40-955C-42320F9FAF92}"
EndProject
Project("{2150E333-8FDC-42A3-9474-1A3956D46DE8}") = "Shared", "Shared", "{03B3B003-CAEE-47DD-93B0-115C8C1E8F89}"
EndProject
Project("{FAE04EC0-301F-11D3-BF4B-00C04F79EFBC}") = "ES_PowerTool.Templates", "ES_PowerTool.Templates\ES_PowerTool.Templates.csproj", "{87A8EDEC-E37A-4CF2-B606-A936F20E4736}"
EndProject
Global
	GlobalSection(SolutionConfigurationPlatforms) = preSolution
		Debug|Any CPU = Debug|Any CPU
		Release|Any CPU = Release|Any CPU
	EndGlobalSection
	GlobalSection(ProjectConfigurationPlatforms) = postSolution
		{005FAEDA-90BE-410C-BE02-663199312242}.Debug|Any CPU.ActiveCfg = Debug|Any CPU
		{005FAEDA-90BE-410C-BE02-663199312242}.Debug|Any CPU.Build.0 = Debug|Any CPU
		{005FAEDA-90BE-410C-BE02-663199312242}.Release|Any CPU.ActiveCfg = Release|Any CPU
		{005FAEDA-90BE-410C-BE02-663199312242}.Release|Any CPU.Build.0 = Release|Any CPU
		{61C6CC4B-BF6F-49E2-ADB0-0BBFFF0CE19B}.Debug|Any CPU.ActiveCfg = Debug|Any CPU
		{61C6CC4B-BF6F-49E2-ADB0-0BBFFF0CE19B}.Debug|Any CPU.Build.0 = Debug|Any CPU
		{61C6CC4B-BF6F-49E2-ADB0-0BBFFF0CE19B}.Release|Any CPU.ActiveCfg = Release|Any CPU
		{61C6CC4B-BF6F-49E2-ADB0-0BBFFF0CE19B}.Release|Any CPU.Build.0 = Release|Any CPU
		{61260A01-D7C6-42EB-896E-F13B16B264E9}.Debug|Any CPU.ActiveCfg = Debug|Any CPU
		{61260A01-D7C6-42EB-896E-F13B16B264E9}.Debug|Any CPU.Build.0 = Debug|Any CPU
		{61260A01-D7C6-42EB-896E-F13B16B264E9}.Release|Any CPU.ActiveCfg = Release|Any CPU
		{61260A01-D7C6-42EB-896E-F13B16B264E9}.Release|Any CPU.Build.0 = Release|Any CPU
		{CECA7AA6-F76B-4BFC-A009-699BFFF8F93B}.Debug|Any CPU.ActiveCfg = Debug|Any CPU
		{CECA7AA6-F76B-4BFC-A009-699BFFF8F93B}.Debug|Any CPU.Build.0 = Debug|Any CPU
		{CECA7AA6-F76B-4BFC-A009-699BFFF8F93B}.Release|Any CPU.ActiveCfg = Release|Any CPU
		{CECA7AA6-F76B-4BFC-A009-699BFFF8F93B}.Release|Any CPU.Build.0 = Release|Any CPU
		{C7ABC907-08A3-439B-BDEE-6D0F171EF4C6}.Debug|Any CPU.ActiveCfg = Debug|Any CPU
		{C7ABC907-08A3-439B-BDEE-6D0F171EF4C6}.Debug|Any CPU.Build.0 = Debug|Any CPU
		{C7ABC907-08A3-439B-BDEE-6D0F171EF4C6}.Release|Any CPU.ActiveCfg = Release|Any CPU
		{C7ABC907-08A3-439B-BDEE-6D0F171EF4C6}.Release|Any CPU.Build.0 = Release|Any CPU
		{4C59360D-3293-4248-95CE-06ACDBC6EB18}.Debug|Any CPU.ActiveCfg = Debug|Any CPU
		{4C59360D-3293-4248-95CE-06ACDBC6EB18}.Debug|Any CPU.Build.0 = Debug|Any CPU
		{4C59360D-3293-4248-95CE-06ACDBC6EB18}.Release|Any CPU.ActiveCfg = Release|Any CPU
		{4C59360D-3293-4248-95CE-06ACDBC6EB18}.Release|Any CPU.Build.0 = Release|Any CPU
		{FEE263D1-C64F-448B-B24D-9347AF62A035}.Debug|Any CPU.ActiveCfg = Debug|Any CPU
		{FEE263D1-C64F-448B-B24D-9347AF62A035}.Debug|Any CPU.Build.0 = Debug|Any CPU
		{FEE263D1-C64F-448B-B24D-9347AF62A035}.Release|Any CPU.ActiveCfg = Release|Any CPU
		{FEE263D1-C64F-448B-B24D-9347AF62A035}.Release|Any CPU.Build.0 = Release|Any CPU
		{87A8EDEC-E37A-4CF2-B606-A936F20E4736}.Debug|Any CPU.ActiveCfg = Debug|Any CPU
		{87A8EDEC-E37A-4CF2-B606-A936F20E4736}.Debug|Any CPU.Build.0 = Debug|Any CPU
		{87A8EDEC-E37A-4CF2-B606-A936F20E4736}.Release|Any CPU.ActiveCfg = Release|Any CPU
		{87A8EDEC-E37A-4CF2-B606-A936F20E4736}.Release|Any CPU.Build.0 = Release|Any CPU
	EndGlobalSection
	GlobalSection(SolutionProperties) = preSolution
		HideSolutionNode = FALSE
	EndGlobalSection
	GlobalSection(NestedProjects) = preSolution
		{005FAEDA-90BE-410C-BE02-663199312242} = {82592EC6-65DB-4FB7-BC8C-5BA57BF7B140}
		{61C6CC4B-BF6F-49E2-ADB0-0BBFFF0CE19B} = {82592EC6-65DB-4FB7-BC8C-5BA57BF7B140}
		{61260A01-D7C6-42EB-896E-F13B16B264E9} = {03B3B003-CAEE-47DD-93B0-115C8C1E8F89}
		{CECA7AA6-F76B-4BFC-A009-699BFFF8F93B} = {03B3B003-CAEE-47DD-93B0-115C8C1E8F89}
		{C7ABC907-08A3-439B-BDEE-6D0F171EF4C6} = {03B3B003-CAEE-47DD-93B0-115C8C1E8F89}
		{4C59360D-3293-4248-95CE-06ACDBC6EB18} = {5A91951F-16A0-4F40-955C-42320F9FAF92}
		{FEE263D1-C64F-448B-B24D-9347AF62A035} = {5A91951F-16A0-4F40-955C-42320F9FAF92}
		{87A8EDEC-E37A-4CF2-B606-A936F20E4736} = {5A91951F-16A0-4F40-955C-42320F9FAF92}
	EndGlobalSection
EndGlobal
