
Microsoft Visual Studio Solution File, Format Version 12.00
# Visual Studio 15
VisualStudioVersion = 15.0.26403.0
MinimumVisualStudioVersion = 10.0.40219.1
Project("{FAE04EC0-301F-11D3-BF4B-00C04F79EFBC}") = "ES_PowerTool", "ES_PowerTool\ES_PowerTool.csproj", "{005FAEDA-90BE-410C-BE02-663199312242}"
EndProject
Project("{FAE04EC0-301F-11D3-BF4B-00C04F79EFBC}") = "ES_PowerTool.Test", "ES_PowerTool.Test\ES_PowerTool.Test.csproj", "{269B313A-B082-4D74-A33E-B3666F1538E9}"
EndProject
Project("{FAE04EC0-301F-11D3-BF4B-00C04F79EFBC}") = "Desktop.Ui.Core", "Desktop.Ui.Core\Desktop.Ui.Core.csproj", "{61C6CC4B-BF6F-49E2-ADB0-0BBFFF0CE19B}"
EndProject
Project("{FAE04EC0-301F-11D3-BF4B-00C04F79EFBC}") = "Desktop.Shared", "Desktop.Shared\Desktop.Shared.csproj", "{61260A01-D7C6-42EB-896E-F13B16B264E9}"
EndProject
Global
	GlobalSection(SolutionConfigurationPlatforms) = preSolution
		Debug|Any CPU = Debug|Any CPU
		Release|Any CPU = Release|Any CPU
	EndGlobalSection
	GlobalSection(ProjectConfigurationPlatforms) = postSolution
		{005FAEDA-90BE-410C-BE02-663199312242}.Debug|Any CPU.ActiveCfg = Debug|Any CPU
		{005FAEDA-90BE-410C-BE02-663199312242}.Debug|Any CPU.Build.0 = Debug|Any CPU
		{005FAEDA-90BE-410C-BE02-663199312242}.Release|Any CPU.ActiveCfg = Release|Any CPU
		{005FAEDA-90BE-410C-BE02-663199312242}.Release|Any CPU.Build.0 = Release|Any CPU
		{269B313A-B082-4D74-A33E-B3666F1538E9}.Debug|Any CPU.ActiveCfg = Debug|Any CPU
		{269B313A-B082-4D74-A33E-B3666F1538E9}.Debug|Any CPU.Build.0 = Debug|Any CPU
		{269B313A-B082-4D74-A33E-B3666F1538E9}.Release|Any CPU.ActiveCfg = Release|Any CPU
		{269B313A-B082-4D74-A33E-B3666F1538E9}.Release|Any CPU.Build.0 = Release|Any CPU
		{61C6CC4B-BF6F-49E2-ADB0-0BBFFF0CE19B}.Debug|Any CPU.ActiveCfg = Debug|Any CPU
		{61C6CC4B-BF6F-49E2-ADB0-0BBFFF0CE19B}.Debug|Any CPU.Build.0 = Debug|Any CPU
		{61C6CC4B-BF6F-49E2-ADB0-0BBFFF0CE19B}.Release|Any CPU.ActiveCfg = Release|Any CPU
		{61C6CC4B-BF6F-49E2-ADB0-0BBFFF0CE19B}.Release|Any CPU.Build.0 = Release|Any CPU
		{61260A01-D7C6-42EB-896E-F13B16B264E9}.Debug|Any CPU.ActiveCfg = Debug|Any CPU
		{61260A01-D7C6-42EB-896E-F13B16B264E9}.Debug|Any CPU.Build.0 = Debug|Any CPU
		{61260A01-D7C6-42EB-896E-F13B16B264E9}.Release|Any CPU.ActiveCfg = Release|Any CPU
		{61260A01-D7C6-42EB-896E-F13B16B264E9}.Release|Any CPU.Build.0 = Release|Any CPU
	EndGlobalSection
	GlobalSection(SolutionProperties) = preSolution
		HideSolutionNode = FALSE
	EndGlobalSection
EndGlobal
